
Microsoft Visual Studio Solution File, Format Version 12.00
# Visual Studio 15
VisualStudioVersion = 15.0.28010.2048
MinimumVisualStudioVersion = 10.0.40219.1
Project("{FAE04EC0-301F-11D3-BF4B-00C04F79EFBC}") = "Question4", "Question4\Question4.csproj", "{FCBFAFAC-8026-4237-9547-DC37272AD2F2}"
EndProject
Global
	GlobalSection(SolutionConfigurationPlatforms) = preSolution
		Debug|Any CPU = Debug|Any CPU
		Release|Any CPU = Release|Any CPU
	EndGlobalSection
	GlobalSection(ProjectConfigurationPlatforms) = postSolution
		{FCBFAFAC-8026-4237-9547-DC37272AD2F2}.Debug|Any CPU.ActiveCfg = Debug|Any CPU
		{FCBFAFAC-8026-4237-9547-DC37272AD2F2}.Debug|Any CPU.Build.0 = Debug|Any CPU
		{FCBFAFAC-8026-4237-9547-DC37272AD2F2}.Release|Any CPU.ActiveCfg = Release|Any CPU
		{FCBFAFAC-8026-4237-9547-DC37272AD2F2}.Release|Any CPU.Build.0 = Release|Any CPU
	EndGlobalSection
	GlobalSection(SolutionProperties) = preSolution
		HideSolutionNode = FALSE
	EndGlobalSection
	GlobalSection(ExtensibilityGlobals) = postSolution
		SolutionGuid = {BED19414-7F48-4DCB-A2A9-1D9EB425506F}
	EndGlobalSection
EndGlobal
